
Microsoft Visual Studio Solution File, Format Version 12.00
# Visual Studio Version 16
VisualStudioVersion = 16.0.32228.343
MinimumVisualStudioVersion = 10.0.40219.1
Project("{FAE04EC0-301F-11D3-BF4B-00C04F79EFBC}") = "Deal or No Deal", "Deal or No Deal.csproj", "{D71AE3C1-6389-4DE2-B7AE-13B44646CCCF}"
EndProject
Global
	GlobalSection(SolutionConfigurationPlatforms) = preSolution
		Debug|Any CPU = Debug|Any CPU
		Release|Any CPU = Release|Any CPU
	EndGlobalSection
	GlobalSection(ProjectConfigurationPlatforms) = postSolution
		{D71AE3C1-6389-4DE2-B7AE-13B44646CCCF}.Debug|Any CPU.ActiveCfg = Debug|Any CPU
		{D71AE3C1-6389-4DE2-B7AE-13B44646CCCF}.Debug|Any CPU.Build.0 = Debug|Any CPU
		{D71AE3C1-6389-4DE2-B7AE-13B44646CCCF}.Release|Any CPU.ActiveCfg = Release|Any CPU
		{D71AE3C1-6389-4DE2-B7AE-13B44646CCCF}.Release|Any CPU.Build.0 = Release|Any CPU
	EndGlobalSection
	GlobalSection(SolutionProperties) = preSolution
		HideSolutionNode = FALSE
	EndGlobalSection
	GlobalSection(ExtensibilityGlobals) = postSolution
		SolutionGuid = {70D54301-9912-4F2D-B576-AC8B818214DD}
	EndGlobalSection
EndGlobal
